
Microsoft Visual Studio Solution File, Format Version 12.00
# Visual Studio 2012
Project("{FAE04EC0-301F-11D3-BF4B-00C04F79EFBC}") = "MvcGrid", "MvcGrid\MvcGrid.csproj", "{A6A0CE40-14AD-4B41-86AB-5DE9FC4236E9}"
EndProject
Project("{FAE04EC0-301F-11D3-BF4B-00C04F79EFBC}") = "MvcGrid.Test", "MvcGrid.Test\MvcGrid.Test.csproj", "{C22812C7-CD75-4006-96A2-2F8465E9985D}"
EndProject
Project("{FAE04EC0-301F-11D3-BF4B-00C04F79EFBC}") = "MvcGridExamples", "MvcGridExamples\MvcGridExamples.csproj", "{E90CF517-2162-4BFB-AE8E-99AB69DF0CCD}"
EndProject
Project("{2150E333-8FDC-42A3-9474-1A3956D46DE8}") = ".nuget", ".nuget", "{015A50BC-4386-4227-81F4-2BE1BD066B31}"
	ProjectSection(SolutionItems) = preProject
		.nuget\NuGet.Config = .nuget\NuGet.Config
		.nuget\NuGet.exe = .nuget\NuGet.exe
		.nuget\NuGet.targets = .nuget\NuGet.targets
	EndProjectSection
EndProject
Global
	GlobalSection(SolutionConfigurationPlatforms) = preSolution
		Debug|Any CPU = Debug|Any CPU
		Release|Any CPU = Release|Any CPU
	EndGlobalSection
	GlobalSection(ProjectConfigurationPlatforms) = postSolution
		{A6A0CE40-14AD-4B41-86AB-5DE9FC4236E9}.Debug|Any CPU.ActiveCfg = Debug|Any CPU
		{A6A0CE40-14AD-4B41-86AB-5DE9FC4236E9}.Debug|Any CPU.Build.0 = Debug|Any CPU
		{A6A0CE40-14AD-4B41-86AB-5DE9FC4236E9}.Release|Any CPU.ActiveCfg = Release|Any CPU
		{A6A0CE40-14AD-4B41-86AB-5DE9FC4236E9}.Release|Any CPU.Build.0 = Release|Any CPU
		{C22812C7-CD75-4006-96A2-2F8465E9985D}.Debug|Any CPU.ActiveCfg = Debug|Any CPU
		{C22812C7-CD75-4006-96A2-2F8465E9985D}.Debug|Any CPU.Build.0 = Debug|Any CPU
		{C22812C7-CD75-4006-96A2-2F8465E9985D}.Release|Any CPU.ActiveCfg = Release|Any CPU
		{C22812C7-CD75-4006-96A2-2F8465E9985D}.Release|Any CPU.Build.0 = Release|Any CPU
		{E90CF517-2162-4BFB-AE8E-99AB69DF0CCD}.Debug|Any CPU.ActiveCfg = Debug|Any CPU
		{E90CF517-2162-4BFB-AE8E-99AB69DF0CCD}.Debug|Any CPU.Build.0 = Debug|Any CPU
		{E90CF517-2162-4BFB-AE8E-99AB69DF0CCD}.Release|Any CPU.ActiveCfg = Release|Any CPU
		{E90CF517-2162-4BFB-AE8E-99AB69DF0CCD}.Release|Any CPU.Build.0 = Release|Any CPU
	EndGlobalSection
	GlobalSection(SolutionProperties) = preSolution
		HideSolutionNode = FALSE
	EndGlobalSection
EndGlobal
